
Microsoft Visual Studio Solution File, Format Version 12.00
# Visual Studio Version 16
VisualStudioVersion = 16.0.34301.259
MinimumVisualStudioVersion = 10.0.40219.1
Project("{FAE04EC0-301F-11D3-BF4B-00C04F79EFBC}") = "TourismTravelAdministration", "TourismTravelAdministration\TourismTravelAdministration.csproj", "{DEF2CCD1-409A-4B4C-9CFD-96BB3A4190C0}"
EndProject
Global
	GlobalSection(SolutionConfigurationPlatforms) = preSolution
		Debug|Any CPU = Debug|Any CPU
		Release|Any CPU = Release|Any CPU
	EndGlobalSection
	GlobalSection(ProjectConfigurationPlatforms) = postSolution
		{DEF2CCD1-409A-4B4C-9CFD-96BB3A4190C0}.Debug|Any CPU.ActiveCfg = Debug|Any CPU
		{DEF2CCD1-409A-4B4C-9CFD-96BB3A4190C0}.Debug|Any CPU.Build.0 = Debug|Any CPU
		{DEF2CCD1-409A-4B4C-9CFD-96BB3A4190C0}.Release|Any CPU.ActiveCfg = Release|Any CPU
		{DEF2CCD1-409A-4B4C-9CFD-96BB3A4190C0}.Release|Any CPU.Build.0 = Release|Any CPU
	EndGlobalSection
	GlobalSection(SolutionProperties) = preSolution
		HideSolutionNode = FALSE
	EndGlobalSection
	GlobalSection(ExtensibilityGlobals) = postSolution
		SolutionGuid = {899108C9-0273-44C3-8162-164E2186D082}
	EndGlobalSection
EndGlobal
